
Microsoft Visual Studio Solution File, Format Version 12.00
# Visual Studio Version 17
VisualStudioVersion = 17.13.35931.197 d17.13
MinimumVisualStudioVersion = 10.0.40219.1
Project("{FAE04EC0-301F-11D3-BF4B-00C04F79EFBC}") = "MauiAppMinhasCompras", "MauiAppMinhasCompras\MauiAppMinhasCompras.csproj", "{AC1BAD32-DA32-4335-9002-73C4B1157FF5}"
EndProject
Global
	GlobalSection(SolutionConfigurationPlatforms) = preSolution
		Debug|Any CPU = Debug|Any CPU
		Release|Any CPU = Release|Any CPU
	EndGlobalSection
	GlobalSection(ProjectConfigurationPlatforms) = postSolution
		{AC1BAD32-DA32-4335-9002-73C4B1157FF5}.Debug|Any CPU.ActiveCfg = Debug|Any CPU
		{AC1BAD32-DA32-4335-9002-73C4B1157FF5}.Debug|Any CPU.Build.0 = Debug|Any CPU
		{AC1BAD32-DA32-4335-9002-73C4B1157FF5}.Debug|Any CPU.Deploy.0 = Debug|Any CPU
		{AC1BAD32-DA32-4335-9002-73C4B1157FF5}.Release|Any CPU.ActiveCfg = Release|Any CPU
		{AC1BAD32-DA32-4335-9002-73C4B1157FF5}.Release|Any CPU.Build.0 = Release|Any CPU
		{AC1BAD32-DA32-4335-9002-73C4B1157FF5}.Release|Any CPU.Deploy.0 = Release|Any CPU
	EndGlobalSection
	GlobalSection(SolutionProperties) = preSolution
		HideSolutionNode = FALSE
	EndGlobalSection
	GlobalSection(ExtensibilityGlobals) = postSolution
		SolutionGuid = {34105909-B486-4837-A1D7-DA1AFEC5BFB4}
	EndGlobalSection
EndGlobal
